<?xml version="1.0" encoding="utf-8"?>
<Project ToolsVersion="4.0" xmlns="http://schemas.microsoft.com/developer/msbuild/2003">
  <ItemGroup>
    <ClCompile Include="src\AudioManager.cpp" />
    <ClCompile Include="src\BinaryMap.cpp" />
    <ClCompile Include="src\Button.cpp" />
    <ClCompile Include="src\Collider.cpp" />
    <ClCompile Include="src\Constants.cpp" />
    <ClCompile Include="src\Enemy.cpp" />
    <ClCompile Include="src\GameStateManager.cpp" />
    <ClCompile Include="src\Image.cpp" />
    <ClCompile Include="src\LevelSystem.cpp" />
    <ClCompile Include="src\Main.cpp" />
    <ClCompile Include="src\Graphics.cpp" />
    <ClCompile Include="src\MainMenu.cpp" />
    <ClCompile Include="src\Overlay.cpp" />
    <ClCompile Include="src\Particles.cpp" />
    <ClCompile Include="src\Player.cpp" />
    <ClCompile Include="src\Splash.cpp" />
    <ClCompile Include="src\Gameplay.cpp" />
    <ClCompile Include="src\Tiles.cpp" />
    <ClCompile Include="src\UserInterface.cpp" />
    <ClCompile Include="src\Utilities.cpp" />
  </ItemGroup>
  <ItemGroup>
    <ClInclude Include="header\AudioManager.h" />
    <ClInclude Include="header\BinaryMap.h" />
    <ClInclude Include="header\Button.h" />
    <ClInclude Include="header\Collider.h" />
    <ClInclude Include="header\Constants.h" />
    <ClInclude Include="header\Enemy.h" />
    <ClInclude Include="header\Gameplay.h" />
    <ClInclude Include="header\GameStateManager.h" />
    <ClInclude Include="header\Graphics.h" />
    <ClInclude Include="header\Image.h" />
    <ClInclude Include="header\LevelSystem.h" />
    <ClInclude Include="header\MainMenu.h" />
    <ClInclude Include="header\Overlay.h" />
    <ClInclude Include="header\Particles.h" />
    <ClInclude Include="header\Player.h" />
    <ClInclude Include="header\PlayerHp.h" />
    <ClInclude Include="header\Splash.h" />
    <ClInclude Include="header\Tiles.h" />
    <ClInclude Include="header\UserInterface.h" />
    <ClInclude Include="header\Utilities.h" />
  </ItemGroup>
</Project>